
Microsoft Visual Studio Solution File, Format Version 12.00
# Visual Studio Version 16
VisualStudioVersion = 16.0.30717.126
MinimumVisualStudioVersion = 10.0.40219.1
Project("{FAE04EC0-301F-11D3-BF4B-00C04F79EFBC}") = "WebSocketsServer", "WebSocketsServer\WebSocketsServer.csproj", "{48C02B0C-8615-467B-94B8-DDFCC11119A6}"
EndProject
Global
	GlobalSection(SolutionConfigurationPlatforms) = preSolution
		Debug|Any CPU = Debug|Any CPU
		Release|Any CPU = Release|Any CPU
	EndGlobalSection
	GlobalSection(ProjectConfigurationPlatforms) = postSolution
		{48C02B0C-8615-467B-94B8-DDFCC11119A6}.Debug|Any CPU.ActiveCfg = Debug|Any CPU
		{48C02B0C-8615-467B-94B8-DDFCC11119A6}.Debug|Any CPU.Build.0 = Debug|Any CPU
		{48C02B0C-8615-467B-94B8-DDFCC11119A6}.Release|Any CPU.ActiveCfg = Release|Any CPU
		{48C02B0C-8615-467B-94B8-DDFCC11119A6}.Release|Any CPU.Build.0 = Release|Any CPU
	EndGlobalSection
	GlobalSection(SolutionProperties) = preSolution
		HideSolutionNode = FALSE
	EndGlobalSection
	GlobalSection(ExtensibilityGlobals) = postSolution
		SolutionGuid = {8387BB5B-A648-4C6B-A1F2-45543AB7019D}
	EndGlobalSection
EndGlobal
